
Microsoft Visual Studio Solution File, Format Version 11.00
# Visual Studio 2010
Project("{FAE04EC0-301F-11D3-BF4B-00C04F79EFBC}") = "Mumble.Friendsheep", "Friendsheep\Mumble.Friendsheep.csproj", "{67C5AF7F-5EC2-4D6E-8D90-105B3AE59499}"
EndProject
Project("{FAE04EC0-301F-11D3-BF4B-00C04F79EFBC}") = "Mumnle.Friendsheep.Tests", "Friendsheep.Tests\Mumnle.Friendsheep.Tests.csproj", "{FAA11D2B-6D9E-4A55-B596-FB3B4DE4C092}"
EndProject
Global
	GlobalSection(SubversionScc) = preSolution
		Svn-Managed = True
		Manager = AnkhSVN - Subversion Support for Visual Studio
	EndGlobalSection
	GlobalSection(SolutionConfigurationPlatforms) = preSolution
		Debug|Any CPU = Debug|Any CPU
		Release|Any CPU = Release|Any CPU
	EndGlobalSection
	GlobalSection(ProjectConfigurationPlatforms) = postSolution
		{67C5AF7F-5EC2-4D6E-8D90-105B3AE59499}.Debug|Any CPU.ActiveCfg = Debug|Any CPU
		{67C5AF7F-5EC2-4D6E-8D90-105B3AE59499}.Debug|Any CPU.Build.0 = Debug|Any CPU
		{67C5AF7F-5EC2-4D6E-8D90-105B3AE59499}.Release|Any CPU.ActiveCfg = Release|Any CPU
		{67C5AF7F-5EC2-4D6E-8D90-105B3AE59499}.Release|Any CPU.Build.0 = Release|Any CPU
		{FAA11D2B-6D9E-4A55-B596-FB3B4DE4C092}.Debug|Any CPU.ActiveCfg = Debug|Any CPU
		{FAA11D2B-6D9E-4A55-B596-FB3B4DE4C092}.Debug|Any CPU.Build.0 = Debug|Any CPU
		{FAA11D2B-6D9E-4A55-B596-FB3B4DE4C092}.Release|Any CPU.ActiveCfg = Release|Any CPU
		{FAA11D2B-6D9E-4A55-B596-FB3B4DE4C092}.Release|Any CPU.Build.0 = Release|Any CPU
	EndGlobalSection
	GlobalSection(SolutionProperties) = preSolution
		HideSolutionNode = FALSE
	EndGlobalSection
EndGlobal
