
Microsoft Visual Studio Solution File, Format Version 11.00
# Visual Studio 10
Project("{FAE04EC0-301F-11D3-BF4B-00C04F79EFBC}") = "Mumble.Web.StarterKit", "Mumble.Web.StarterKit\Mumble.Web.StarterKit.csproj", "{A1209C97-5653-466A-B9CC-28EF893937FC}"
EndProject
Global
	GlobalSection(SubversionScc) = preSolution
		Svn-Managed = True
		Manager = AnkhSVN - Subversion Support for Visual Studio
	EndGlobalSection
	GlobalSection(SolutionConfigurationPlatforms) = preSolution
		Debug|Any CPU = Debug|Any CPU
		Release|Any CPU = Release|Any CPU
	EndGlobalSection
	GlobalSection(ProjectConfigurationPlatforms) = postSolution
		{A1209C97-5653-466A-B9CC-28EF893937FC}.Debug|Any CPU.ActiveCfg = Debug|Any CPU
		{A1209C97-5653-466A-B9CC-28EF893937FC}.Debug|Any CPU.Build.0 = Debug|Any CPU
		{A1209C97-5653-466A-B9CC-28EF893937FC}.Release|Any CPU.ActiveCfg = Release|Any CPU
		{A1209C97-5653-466A-B9CC-28EF893937FC}.Release|Any CPU.Build.0 = Release|Any CPU
	EndGlobalSection
	GlobalSection(SolutionProperties) = preSolution
		HideSolutionNode = FALSE
	EndGlobalSection
EndGlobal
